
Microsoft Visual Studio Solution File, Format Version 12.00
# Visual Studio Version 17
VisualStudioVersion = 17.9.34714.143
MinimumVisualStudioVersion = 10.0.40219.1
Project("{FAE04EC0-301F-11D3-BF4B-00C04F79EFBC}") = "RNA_Perceptron", "RNA_Perceptron\RNA_Perceptron.csproj", "{E028B853-D17C-4327-8669-2ACC576E0FDF}"
EndProject
Global
	GlobalSection(SolutionConfigurationPlatforms) = preSolution
		Debug|Any CPU = Debug|Any CPU
		Release|Any CPU = Release|Any CPU
	EndGlobalSection
	GlobalSection(ProjectConfigurationPlatforms) = postSolution
		{E028B853-D17C-4327-8669-2ACC576E0FDF}.Debug|Any CPU.ActiveCfg = Debug|Any CPU
		{E028B853-D17C-4327-8669-2ACC576E0FDF}.Debug|Any CPU.Build.0 = Debug|Any CPU
		{E028B853-D17C-4327-8669-2ACC576E0FDF}.Release|Any CPU.ActiveCfg = Release|Any CPU
		{E028B853-D17C-4327-8669-2ACC576E0FDF}.Release|Any CPU.Build.0 = Release|Any CPU
	EndGlobalSection
	GlobalSection(SolutionProperties) = preSolution
		HideSolutionNode = FALSE
	EndGlobalSection
	GlobalSection(ExtensibilityGlobals) = postSolution
		SolutionGuid = {367747FE-BD89-4668-A836-281317B3A12C}
	EndGlobalSection
EndGlobal
